
Microsoft Visual Studio Solution File, Format Version 12.00
# Visual Studio Version 16
VisualStudioVersion = 16.0.30907.101
MinimumVisualStudioVersion = 10.0.40219.1
Project("{FAE04EC0-301F-11D3-BF4B-00C04F79EFBC}") = "AddressBookDay13", "AddressBookDay13\AddressBookDay13.csproj", "{EC74FFE4-55C6-4B32-B60A-E2639AB637B7}"
EndProject
Project("{FAE04EC0-301F-11D3-BF4B-00C04F79EFBC}") = "Validationtestcase", "Validationtestcase\Validationtestcase.csproj", "{027EBB32-0D32-45B4-8EF6-AEF7C97017D2}"
EndProject
Global
	GlobalSection(SolutionConfigurationPlatforms) = preSolution
		Debug|Any CPU = Debug|Any CPU
		Release|Any CPU = Release|Any CPU
	EndGlobalSection
	GlobalSection(ProjectConfigurationPlatforms) = postSolution
		{EC74FFE4-55C6-4B32-B60A-E2639AB637B7}.Debug|Any CPU.ActiveCfg = Debug|Any CPU
		{EC74FFE4-55C6-4B32-B60A-E2639AB637B7}.Debug|Any CPU.Build.0 = Debug|Any CPU
		{EC74FFE4-55C6-4B32-B60A-E2639AB637B7}.Release|Any CPU.ActiveCfg = Release|Any CPU
		{EC74FFE4-55C6-4B32-B60A-E2639AB637B7}.Release|Any CPU.Build.0 = Release|Any CPU
		{027EBB32-0D32-45B4-8EF6-AEF7C97017D2}.Debug|Any CPU.ActiveCfg = Debug|Any CPU
		{027EBB32-0D32-45B4-8EF6-AEF7C97017D2}.Debug|Any CPU.Build.0 = Debug|Any CPU
		{027EBB32-0D32-45B4-8EF6-AEF7C97017D2}.Release|Any CPU.ActiveCfg = Release|Any CPU
		{027EBB32-0D32-45B4-8EF6-AEF7C97017D2}.Release|Any CPU.Build.0 = Release|Any CPU
	EndGlobalSection
	GlobalSection(SolutionProperties) = preSolution
		HideSolutionNode = FALSE
	EndGlobalSection
	GlobalSection(ExtensibilityGlobals) = postSolution
		SolutionGuid = {AC2E263F-4304-42C6-A8E7-5C8E94D42FBF}
	EndGlobalSection
EndGlobal
